
Microsoft Visual Studio Solution File, Format Version 12.00
# Visual Studio 14
VisualStudioVersion = 14.0.22823.1
MinimumVisualStudioVersion = 10.0.40219.1
Project("{FAE04EC0-301F-11D3-BF4B-00C04F79EFBC}") = "UserAPI", "UserService\UserAPI.csproj", "{5FDC1F08-5BCF-4E97-9A30-CF981B3FF771}"
EndProject
Project("{FAE04EC0-301F-11D3-BF4B-00C04F79EFBC}") = "UserAPI.Tests", "UserService.Tests\UserAPI.Tests.csproj", "{5FFEBF79-2C4F-4A62-A133-C4B2841C0A8B}"
EndProject
Project("{FAE04EC0-301F-11D3-BF4B-00C04F79EFBC}") = "UserService", "UserServiceDataAccess\UserService.csproj", "{083C4311-5359-4884-B87A-2222572E23DC}"
EndProject
Project("{FAE04EC0-301F-11D3-BF4B-00C04F79EFBC}") = "UserEntity", "UserEntity\UserEntity.csproj", "{B71AA5A4-D2C8-4DE9-B7C5-9FD4070CD567}"
EndProject
Global
	GlobalSection(SolutionConfigurationPlatforms) = preSolution
		Debug|Any CPU = Debug|Any CPU
		Release|Any CPU = Release|Any CPU
	EndGlobalSection
	GlobalSection(ProjectConfigurationPlatforms) = postSolution
		{5FDC1F08-5BCF-4E97-9A30-CF981B3FF771}.Debug|Any CPU.ActiveCfg = Debug|Any CPU
		{5FDC1F08-5BCF-4E97-9A30-CF981B3FF771}.Debug|Any CPU.Build.0 = Debug|Any CPU
		{5FDC1F08-5BCF-4E97-9A30-CF981B3FF771}.Release|Any CPU.ActiveCfg = Release|Any CPU
		{5FDC1F08-5BCF-4E97-9A30-CF981B3FF771}.Release|Any CPU.Build.0 = Release|Any CPU
		{5FFEBF79-2C4F-4A62-A133-C4B2841C0A8B}.Debug|Any CPU.ActiveCfg = Debug|Any CPU
		{5FFEBF79-2C4F-4A62-A133-C4B2841C0A8B}.Debug|Any CPU.Build.0 = Debug|Any CPU
		{5FFEBF79-2C4F-4A62-A133-C4B2841C0A8B}.Release|Any CPU.ActiveCfg = Release|Any CPU
		{5FFEBF79-2C4F-4A62-A133-C4B2841C0A8B}.Release|Any CPU.Build.0 = Release|Any CPU
		{083C4311-5359-4884-B87A-2222572E23DC}.Debug|Any CPU.ActiveCfg = Debug|Any CPU
		{083C4311-5359-4884-B87A-2222572E23DC}.Debug|Any CPU.Build.0 = Debug|Any CPU
		{083C4311-5359-4884-B87A-2222572E23DC}.Release|Any CPU.ActiveCfg = Release|Any CPU
		{083C4311-5359-4884-B87A-2222572E23DC}.Release|Any CPU.Build.0 = Release|Any CPU
		{B71AA5A4-D2C8-4DE9-B7C5-9FD4070CD567}.Debug|Any CPU.ActiveCfg = Debug|Any CPU
		{B71AA5A4-D2C8-4DE9-B7C5-9FD4070CD567}.Debug|Any CPU.Build.0 = Debug|Any CPU
		{B71AA5A4-D2C8-4DE9-B7C5-9FD4070CD567}.Release|Any CPU.ActiveCfg = Release|Any CPU
		{B71AA5A4-D2C8-4DE9-B7C5-9FD4070CD567}.Release|Any CPU.Build.0 = Release|Any CPU
	EndGlobalSection
	GlobalSection(SolutionProperties) = preSolution
		HideSolutionNode = FALSE
	EndGlobalSection
EndGlobal
